
Microsoft Visual Studio Solution File, Format Version 12.00
# Visual Studio Version 17
VisualStudioVersion = 17.1.32414.318
MinimumVisualStudioVersion = 10.0.40219.1
Project("{9A19103F-16F7-4668-BE54-9A1E7A4F7556}") = "Trabalho.Grpc.Servidor", "Trabalho.Grpc.Servidor\Trabalho.Grpc.Servidor.csproj", "{E68F453D-CD71-4081-ACDE-E8F06695F011}"
EndProject
Project("{9A19103F-16F7-4668-BE54-9A1E7A4F7556}") = "Trabalho.Grpc.Cliente", "Trabalho.Grpc.Cliente\Trabalho.Grpc.Cliente.csproj", "{B603EFA5-FE97-45C6-A41F-6FFEE246136F}"
EndProject
Global
	GlobalSection(SolutionConfigurationPlatforms) = preSolution
		Debug|Any CPU = Debug|Any CPU
		Release|Any CPU = Release|Any CPU
	EndGlobalSection
	GlobalSection(ProjectConfigurationPlatforms) = postSolution
		{E68F453D-CD71-4081-ACDE-E8F06695F011}.Debug|Any CPU.ActiveCfg = Debug|Any CPU
		{E68F453D-CD71-4081-ACDE-E8F06695F011}.Debug|Any CPU.Build.0 = Debug|Any CPU
		{E68F453D-CD71-4081-ACDE-E8F06695F011}.Release|Any CPU.ActiveCfg = Release|Any CPU
		{E68F453D-CD71-4081-ACDE-E8F06695F011}.Release|Any CPU.Build.0 = Release|Any CPU
		{B603EFA5-FE97-45C6-A41F-6FFEE246136F}.Debug|Any CPU.ActiveCfg = Debug|Any CPU
		{B603EFA5-FE97-45C6-A41F-6FFEE246136F}.Debug|Any CPU.Build.0 = Debug|Any CPU
		{B603EFA5-FE97-45C6-A41F-6FFEE246136F}.Release|Any CPU.ActiveCfg = Release|Any CPU
		{B603EFA5-FE97-45C6-A41F-6FFEE246136F}.Release|Any CPU.Build.0 = Release|Any CPU
	EndGlobalSection
	GlobalSection(SolutionProperties) = preSolution
		HideSolutionNode = FALSE
	EndGlobalSection
	GlobalSection(ExtensibilityGlobals) = postSolution
		SolutionGuid = {B686DD55-D970-49CA-9BFC-3A14210CBD71}
	EndGlobalSection
EndGlobal
